PODS:
  - FSCalendar (2.7.9)
  - SwiftChart (1.0.1)

DEPENDENCIES:
  - FSCalendar
  - SwiftChart

SPEC CHECKSUMS:
  FSCalendar: a04b09f16f811bc92e82f3cf852a15225233b9d5
  SwiftChart: ba767a678d568a5ee22d419e146a0582865e1aff

PODFILE CHECKSUM: 9b9fcfac67f922f3e022662e76b88832c336783b

COCOAPODS: 1.4.0
