// !$*UTF8*$!
{
	archiveVersion = 1;
	classes = {
	};
	objectVersion = 48;
	objects = {

/* Begin PBXBuildFile section */
		023F7C2C9A50BB542CE96D85 /* Pods_Nope_ioids.framework in Frameworks */ = {isa = PBXBuildFile; fileRef = B29886DA38A8D38027FC5C5E /* Pods_Nope_ioids.framework */; };
		8A6C28C02070CC7100E54ED5 /* CommunityStoryboard.storyboard in Resources */ = {isa = PBXBuildFile; fileRef = 8A6C28BF2070CC7100E54ED5 /* CommunityStoryboard.storyboard */; };
		8A6C28C22070CC8200E54ED5 /* PersonalInspirationStoryboard.storyboard in Resources */ = {isa = PBXBuildFile; fileRef = 8A6C28C12070CC8100E54ED5 /* PersonalInspirationStoryboard.storyboard */; };
		8A6C28C42070CC9E00E54ED5 /* PersonalInspirationViewController.swift in Sources */ = {isa = PBXBuildFile; fileRef = 8A6C28C32070CC9E00E54ED5 /* PersonalInspirationViewController.swift */; };
		8A6C28C62070CCAE00E54ED5 /* CommunityViewController.swift in Sources */ = {isa = PBXBuildFile; fileRef = 8A6C28C52070CCAE00E54ED5 /* CommunityViewController.swift */; };
		8A7451B420705C0D00E51529 /* NotesToSelfStoryboard.storyboard in Resources */ = {isa = PBXBuildFile; fileRef = 8A7451B320705C0D00E51529 /* NotesToSelfStoryboard.storyboard */; };
		8A7451B620705C4600E51529 /* NotesSelfViewController.swift in Sources */ = {isa = PBXBuildFile; fileRef = 8A7451B520705C4600E51529 /* NotesSelfViewController.swift */; };
		8A7451B820705DDB00E51529 /* NotesListTableViewCell.swift in Sources */ = {isa = PBXBuildFile; fileRef = 8A7451B720705DDB00E51529 /* NotesListTableViewCell.swift */; };
		8A7451BC2070647C00E51529 /* breathe.gif in Resources */ = {isa = PBXBuildFile; fileRef = 8A7451BB2070647C00E51529 /* breathe.gif */; };
		8A7451BE2070AA3700E51529 /* AchievementStoryboard.storyboard in Resources */ = {isa = PBXBuildFile; fileRef = 8A7451BD2070AA3700E51529 /* AchievementStoryboard.storyboard */; };
		8A7451C02070AA5400E51529 /* AchievementViewController.swift in Sources */ = {isa = PBXBuildFile; fileRef = 8A7451BF2070AA5400E51529 /* AchievementViewController.swift */; };
		8A82FD8F20702A3E00852316 /* HomeScreenViewController.swift in Sources */ = {isa = PBXBuildFile; fileRef = 8A82FD8E20702A3E00852316 /* HomeScreenViewController.swift */; };
		8A82FD9120702A5D00852316 /* ProgressViewController.swift in Sources */ = {isa = PBXBuildFile; fileRef = 8A82FD9020702A5D00852316 /* ProgressViewController.swift */; };
		8A82FD9320702A7500852316 /* HelpViewController.swift in Sources */ = {isa = PBXBuildFile; fileRef = 8A82FD9220702A7500852316 /* HelpViewController.swift */; };
		8A82FD9520702A8400852316 /* BreatheViewController.swift in Sources */ = {isa = PBXBuildFile; fileRef = 8A82FD9420702A8400852316 /* BreatheViewController.swift */; };
		8A82FD9720702AA700852316 /* HomeScreenStoryboard.storyboard in Resources */ = {isa = PBXBuildFile; fileRef = 8A82FD9620702AA700852316 /* HomeScreenStoryboard.storyboard */; };
		8A82FD9920702ABA00852316 /* ProgressStoryboard.storyboard in Resources */ = {isa = PBXBuildFile; fileRef = 8A82FD9820702ABA00852316 /* ProgressStoryboard.storyboard */; };
		8A82FD9B20702ACA00852316 /* HelpStoryboard.storyboard in Resources */ = {isa = PBXBuildFile; fileRef = 8A82FD9A20702ACA00852316 /* HelpStoryboard.storyboard */; };
		8A82FD9D20702ADC00852316 /* BreatheStoryboard.storyboard in Resources */ = {isa = PBXBuildFile; fileRef = 8A82FD9C20702ADC00852316 /* BreatheStoryboard.storyboard */; };
		8AD655DB207038FD009FA94D /* GifLoad.swift in Sources */ = {isa = PBXBuildFile; fileRef = 8AD655DA207038FD009FA94D /* GifLoad.swift */; };
		ED4071A920706061001520BD /* TimeCapsuleViewController.swift in Sources */ = {isa = PBXBuildFile; fileRef = ED4071A820706061001520BD /* TimeCapsuleViewController.swift */; };
		ED4071AB2070609D001520BD /* TimeCapsuleStoryboard.storyboard in Resources */ = {isa = PBXBuildFile; fileRef = ED4071AA2070609D001520BD /* TimeCapsuleStoryboard.storyboard */; };
		ED4071AD207065E2001520BD /* TimeCapsuleEntriesModel.swift in Sources */ = {isa = PBXBuildFile; fileRef = ED4071AC207065E2001520BD /* TimeCapsuleEntriesModel.swift */; };
		ED4071AF20706648001520BD /* TimeCapsuleEntry.swift in Sources */ = {isa = PBXBuildFile; fileRef = ED4071AE20706648001520BD /* TimeCapsuleEntry.swift */; };
		ED4071B120706C21001520BD /* TimeCapsuleEntriesViewController.swift in Sources */ = {isa = PBXBuildFile; fileRef = ED4071B020706C21001520BD /* TimeCapsuleEntriesViewController.swift */; };
		ED4071B320707447001520BD /* TimeCapsuleEntryViewController.swift in Sources */ = {isa = PBXBuildFile; fileRef = ED4071B220707447001520BD /* TimeCapsuleEntryViewController.swift */; };
		ED7FA63C20704F8800B6A8F2 /* CalendarViewController.swift in Sources */ = {isa = PBXBuildFile; fileRef = ED7FA63B20704F8800B6A8F2 /* CalendarViewController.swift */; };
		ED7FA63E20704F9900B6A8F2 /* CalendarStoryboard.storyboard in Resources */ = {isa = PBXBuildFile; fileRef = ED7FA63D20704F9900B6A8F2 /* CalendarStoryboard.storyboard */; };
		EDB00D17207029AA0044EDB1 /* AppDelegate.swift in Sources */ = {isa = PBXBuildFile; fileRef = EDB00D16207029AA0044EDB1 /* AppDelegate.swift */; };
		EDB00D1E207029AA0044EDB1 /* Assets.xcassets in Resources */ = {isa = PBXBuildFile; fileRef = EDB00D1D207029AA0044EDB1 /* Assets.xcassets */; };
		EDB00D21207029AA0044EDB1 /* LaunchScreen.storyboard in Resources */ = {isa = PBXBuildFile; fileRef = EDB00D1F207029AA0044EDB1 /* LaunchScreen.storyboard */; };
/* End PBXBuildFile section */

/* Begin PBXFileReference section */
		8A6C28BF2070CC7100E54ED5 /* CommunityStoryboard.storyboard */ = {isa = PBXFileReference; lastKnownFileType = file.storyboard; path = CommunityStoryboard.storyboard; sourceTree = "<group>"; };
		8A6C28C12070CC8100E54ED5 /* PersonalInspirationStoryboard.storyboard */ = {isa = PBXFileReference; lastKnownFileType = file.storyboard; path = PersonalInspirationStoryboard.storyboard; sourceTree = "<group>"; };
		8A6C28C32070CC9E00E54ED5 /* PersonalInspirationViewController.swift */ = {isa = PBXFileReference; lastKnownFileType = sourcecode.swift; path = PersonalInspirationViewController.swift; sourceTree = "<group>"; };
		8A6C28C52070CCAE00E54ED5 /* CommunityViewController.swift */ = {isa = PBXFileReference; lastKnownFileType = sourcecode.swift; path = CommunityViewController.swift; sourceTree = "<group>"; };
		8A7451B320705C0D00E51529 /* NotesToSelfStoryboard.storyboard */ = {isa = PBXFileReference; lastKnownFileType = file.storyboard; path = NotesToSelfStoryboard.storyboard; sourceTree = "<group>"; };
		8A7451B520705C4600E51529 /* NotesSelfViewController.swift */ = {isa = PBXFileReference; lastKnownFileType = sourcecode.swift; path = NotesSelfViewController.swift; sourceTree = "<group>"; };
		8A7451B720705DDB00E51529 /* NotesListTableViewCell.swift */ = {isa = PBXFileReference; lastKnownFileType = sourcecode.swift; path = NotesListTableViewCell.swift; sourceTree = "<group>"; };
		8A7451BB2070647C00E51529 /* breathe.gif */ = {isa = PBXFileReference; lastKnownFileType = image.gif; path = breathe.gif; sourceTree = "<group>"; };
		8A7451BD2070AA3700E51529 /* AchievementStoryboard.storyboard */ = {isa = PBXFileReference; lastKnownFileType = file.storyboard; path = AchievementStoryboard.storyboard; sourceTree = "<group>"; };
		8A7451BF2070AA5400E51529 /* AchievementViewController.swift */ = {isa = PBXFileReference; lastKnownFileType = sourcecode.swift; path = AchievementViewController.swift; sourceTree = "<group>"; };
		8A82FD8E20702A3E00852316 /* HomeScreenViewController.swift */ = {isa = PBXFileReference; lastKnownFileType = sourcecode.swift; path = HomeScreenViewController.swift; sourceTree = "<group>"; };
		8A82FD9020702A5D00852316 /* ProgressViewController.swift */ = {isa = PBXFileReference; lastKnownFileType = sourcecode.swift; path = ProgressViewController.swift; sourceTree = "<group>"; };
		8A82FD9220702A7500852316 /* HelpViewController.swift */ = {isa = PBXFileReference; lastKnownFileType = sourcecode.swift; path = HelpViewController.swift; sourceTree = "<group>"; };
		8A82FD9420702A8400852316 /* BreatheViewController.swift */ = {isa = PBXFileReference; lastKnownFileType = sourcecode.swift; path = BreatheViewController.swift; sourceTree = "<group>"; };
		8A82FD9620702AA700852316 /* HomeScreenStoryboard.storyboard */ = {isa = PBXFileReference; lastKnownFileType = file.storyboard; path = HomeScreenStoryboard.storyboard; sourceTree = "<group>"; };
		8A82FD9820702ABA00852316 /* ProgressStoryboard.storyboard */ = {isa = PBXFileReference; lastKnownFileType = file.storyboard; path = ProgressStoryboard.storyboard; sourceTree = "<group>"; };
		8A82FD9A20702ACA00852316 /* HelpStoryboard.storyboard */ = {isa = PBXFileReference; lastKnownFileType = file.storyboard; path = HelpStoryboard.storyboard; sourceTree = "<group>"; };
		8A82FD9C20702ADC00852316 /* BreatheStoryboard.storyboard */ = {isa = PBXFileReference; lastKnownFileType = file.storyboard; path = BreatheStoryboard.storyboard; sourceTree = "<group>"; };
		8AD655DA207038FD009FA94D /* GifLoad.swift */ = {isa = PBXFileReference; lastKnownFileType = sourcecode.swift; path = GifLoad.swift; sourceTree = "<group>"; };
		B29886DA38A8D38027FC5C5E /* Pods_Nope_ioids.framework */ = {isa = PBXFileReference; explicitFileType = wrapper.framework; includeInIndex = 0; path = Pods_Nope_ioids.framework; sourceTree = BUILT_PRODUCTS_DIR; };
		C7EC8409BCD1556900FEB0B3 /* Pods-Nope-ioids.release.xcconfig */ = {isa = PBXFileReference; includeInIndex = 1; lastKnownFileType = text.xcconfig; name = "Pods-Nope-ioids.release.xcconfig"; path = "Pods/Target Support Files/Pods-Nope-ioids/Pods-Nope-ioids.release.xcconfig"; sourceTree = "<group>"; };
		E7D599D30D081C14A035500E /* Pods-Nope-ioids.debug.xcconfig */ = {isa = PBXFileReference; includeInIndex = 1; lastKnownFileType = text.xcconfig; name = "Pods-Nope-ioids.debug.xcconfig"; path = "Pods/Target Support Files/Pods-Nope-ioids/Pods-Nope-ioids.debug.xcconfig"; sourceTree = "<group>"; };
		ED4071A820706061001520BD /* TimeCapsuleViewController.swift */ = {isa = PBXFileReference; lastKnownFileType = sourcecode.swift; path = TimeCapsuleViewController.swift; sourceTree = "<group>"; };
		ED4071AA2070609D001520BD /* TimeCapsuleStoryboard.storyboard */ = {isa = PBXFileReference; lastKnownFileType = file.storyboard; path = TimeCapsuleStoryboard.storyboard; sourceTree = "<group>"; };
		ED4071AC207065E2001520BD /* TimeCapsuleEntriesModel.swift */ = {isa = PBXFileReference; lastKnownFileType = sourcecode.swift; path = TimeCapsuleEntriesModel.swift; sourceTree = "<group>"; };
		ED4071AE20706648001520BD /* TimeCapsuleEntry.swift */ = {isa = PBXFileReference; lastKnownFileType = sourcecode.swift; path = TimeCapsuleEntry.swift; sourceTree = "<group>"; };
		ED4071B020706C21001520BD /* TimeCapsuleEntriesViewController.swift */ = {isa = PBXFileReference; lastKnownFileType = sourcecode.swift; path = TimeCapsuleEntriesViewController.swift; sourceTree = "<group>"; };
		ED4071B220707447001520BD /* TimeCapsuleEntryViewController.swift */ = {isa = PBXFileReference; lastKnownFileType = sourcecode.swift; path = TimeCapsuleEntryViewController.swift; sourceTree = "<group>"; };
		ED7FA63B20704F8800B6A8F2 /* CalendarViewController.swift */ = {isa = PBXFileReference; lastKnownFileType = sourcecode.swift; path = CalendarViewController.swift; sourceTree = "<group>"; };
		ED7FA63D20704F9900B6A8F2 /* CalendarStoryboard.storyboard */ = {isa = PBXFileReference; lastKnownFileType = file.storyboard; path = CalendarStoryboard.storyboard; sourceTree = "<group>"; };
		EDB00D13207029AA0044EDB1 /* Nope-ioids.app */ = {isa = PBXFileReference; explicitFileType = wrapper.application; includeInIndex = 0; path = "Nope-ioids.app"; sourceTree = BUILT_PRODUCTS_DIR; };
		EDB00D16207029AA0044EDB1 /* AppDelegate.swift */ = {isa = PBXFileReference; lastKnownFileType = sourcecode.swift; path = AppDelegate.swift; sourceTree = "<group>"; };
		EDB00D1D207029AA0044EDB1 /* Assets.xcassets */ = {isa = PBXFileReference; lastKnownFileType = folder.assetcatalog; path = Assets.xcassets; sourceTree = "<group>"; };
		EDB00D20207029AA0044EDB1 /* Base */ = {isa = PBXFileReference; lastKnownFileType = file.storyboard; name = Base; path = Base.lproj/LaunchScreen.storyboard; sourceTree = "<group>"; };
		EDB00D22207029AA0044EDB1 /* Info.plist */ = {isa = PBXFileReference; lastKnownFileType = text.plist.xml; path = Info.plist; sourceTree = "<group>"; };
/* End PBXFileReference section */

/* Begin PBXFrameworksBuildPhase section */
		EDB00D10207029AA0044EDB1 /* Frameworks */ = {
			isa = PBXFrameworksBuildPhase;
			buildActionMask = 2147483647;
			files = (
				023F7C2C9A50BB542CE96D85 /* Pods_Nope_ioids.framework in Frameworks */,
			);
			runOnlyForDeploymentPostprocessing = 0;
		};
/* End PBXFrameworksBuildPhase section */

/* Begin PBXGroup section */
		54A00D4F54BD46202BF9BC2C /* Frameworks */ = {
			isa = PBXGroup;
			children = (
				B29886DA38A8D38027FC5C5E /* Pods_Nope_ioids.framework */,
			);
			name = Frameworks;
			sourceTree = "<group>";
		};
		8A82FD9E20702AE600852316 /* Storyboards */ = {
			isa = PBXGroup;
			children = (
				8A82FD9620702AA700852316 /* HomeScreenStoryboard.storyboard */,
				EDB00D1F207029AA0044EDB1 /* LaunchScreen.storyboard */,
				8A82FD9820702ABA00852316 /* ProgressStoryboard.storyboard */,
				8A82FD9A20702ACA00852316 /* HelpStoryboard.storyboard */,
				8A82FD9C20702ADC00852316 /* BreatheStoryboard.storyboard */,
				ED7FA63D20704F9900B6A8F2 /* CalendarStoryboard.storyboard */,
				8A7451B320705C0D00E51529 /* NotesToSelfStoryboard.storyboard */,
				ED4071AA2070609D001520BD /* TimeCapsuleStoryboard.storyboard */,
				8A7451BD2070AA3700E51529 /* AchievementStoryboard.storyboard */,
				8A6C28BF2070CC7100E54ED5 /* CommunityStoryboard.storyboard */,
				8A6C28C12070CC8100E54ED5 /* PersonalInspirationStoryboard.storyboard */,
			);
			path = Storyboards;
			sourceTree = "<group>";
		};
		8A82FD9F20702AED00852316 /* ViewControllers */ = {
			isa = PBXGroup;
			children = (
				8A82FD8E20702A3E00852316 /* HomeScreenViewController.swift */,
				8A82FD9020702A5D00852316 /* ProgressViewController.swift */,
				ED4071A820706061001520BD /* TimeCapsuleViewController.swift */,
				8A82FD9220702A7500852316 /* HelpViewController.swift */,
				8A7451BB2070647C00E51529 /* breathe.gif */,
				8A82FD9420702A8400852316 /* BreatheViewController.swift */,
				8AD655DA207038FD009FA94D /* GifLoad.swift */,
				ED7FA63B20704F8800B6A8F2 /* CalendarViewController.swift */,
				8A7451B520705C4600E51529 /* NotesSelfViewController.swift */,
				8A7451B720705DDB00E51529 /* NotesListTableViewCell.swift */,
				ED4071AC207065E2001520BD /* TimeCapsuleEntriesModel.swift */,
				ED4071AE20706648001520BD /* TimeCapsuleEntry.swift */,
				ED4071B020706C21001520BD /* TimeCapsuleEntriesViewController.swift */,
				ED4071B220707447001520BD /* TimeCapsuleEntryViewController.swift */,
				8A7451BF2070AA5400E51529 /* AchievementViewController.swift */,
				8A6C28C32070CC9E00E54ED5 /* PersonalInspirationViewController.swift */,
				8A6C28C52070CCAE00E54ED5 /* CommunityViewController.swift */,
			);
			path = ViewControllers;
			sourceTree = "<group>";
		};
		902D3415DA79B393E5FBE126 /* Pods */ = {
			isa = PBXGroup;
			children = (
				E7D599D30D081C14A035500E /* Pods-Nope-ioids.debug.xcconfig */,
				C7EC8409BCD1556900FEB0B3 /* Pods-Nope-ioids.release.xcconfig */,
			);
			name = Pods;
			sourceTree = "<group>";
		};
		EDB00D0A207029AA0044EDB1 = {
			isa = PBXGroup;
			children = (
				EDB00D15207029AA0044EDB1 /* Nope-ioids */,
				EDB00D14207029AA0044EDB1 /* Products */,
				902D3415DA79B393E5FBE126 /* Pods */,
				54A00D4F54BD46202BF9BC2C /* Frameworks */,
			);
			sourceTree = "<group>";
		};
		EDB00D14207029AA0044EDB1 /* Products */ = {
			isa = PBXGroup;
			children = (
				EDB00D13207029AA0044EDB1 /* Nope-ioids.app */,
			);
			name = Products;
			sourceTree = "<group>";
		};
		EDB00D15207029AA0044EDB1 /* Nope-ioids */ = {
			isa = PBXGroup;
			children = (
				8A82FD9F20702AED00852316 /* ViewControllers */,
				8A82FD9E20702AE600852316 /* Storyboards */,
				EDB00D16207029AA0044EDB1 /* AppDelegate.swift */,
				EDB00D1D207029AA0044EDB1 /* Assets.xcassets */,
				EDB00D22207029AA0044EDB1 /* Info.plist */,
			);
			path = "Nope-ioids";
			sourceTree = "<group>";
		};
/* End PBXGroup section */

/* Begin PBXNativeTarget section */
		EDB00D12207029AA0044EDB1 /* Nope-ioids */ = {
			isa = PBXNativeTarget;
			buildConfigurationList = EDB00D25207029AA0044EDB1 /* Build configuration list for PBXNativeTarget "Nope-ioids" */;
			buildPhases = (
				A1A1AFCA530EC0DD5695260C /* [CP] Check Pods Manifest.lock */,
				EDB00D0F207029AA0044EDB1 /* Sources */,
				EDB00D10207029AA0044EDB1 /* Frameworks */,
				EDB00D11207029AA0044EDB1 /* Resources */,
				1ADB28DB6B622E4335B00725 /* [CP] Embed Pods Frameworks */,
				FD7F8CE1EC6548BD0473D784 /* [CP] Copy Pods Resources */,
			);
			buildRules = (
			);
			dependencies = (
			);
			name = "Nope-ioids";
			productName = "Nope-ioids";
			productReference = EDB00D13207029AA0044EDB1 /* Nope-ioids.app */;
			productType = "com.apple.product-type.application";
		};
/* End PBXNativeTarget section */

/* Begin PBXProject section */
		EDB00D0B207029AA0044EDB1 /* Project object */ = {
			isa = PBXProject;
			attributes = {
				LastSwiftUpdateCheck = 0920;
				LastUpgradeCheck = 0920;
				ORGANIZATIONNAME = "Rachit Kataria";
				TargetAttributes = {
					EDB00D12207029AA0044EDB1 = {
						CreatedOnToolsVersion = 9.2;
						ProvisioningStyle = Automatic;
					};
				};
			};
			buildConfigurationList = EDB00D0E207029AA0044EDB1 /* Build configuration list for PBXProject "Nope-ioids" */;
			compatibilityVersion = "Xcode 8.0";
			developmentRegion = en;
			hasScannedForEncodings = 0;
			knownRegions = (
				en,
				Base,
			);
			mainGroup = EDB00D0A207029AA0044EDB1;
			productRefGroup = EDB00D14207029AA0044EDB1 /* Products */;
			projectDirPath = "";
			projectRoot = "";
			targets = (
				EDB00D12207029AA0044EDB1 /* Nope-ioids */,
			);
		};
/* End PBXProject section */

/* Begin PBXResourcesBuildPhase section */
		EDB00D11207029AA0044EDB1 /* Resources */ = {
			isa = PBXResourcesBuildPhase;
			buildActionMask = 2147483647;
			files = (
				8A82FD9B20702ACA00852316 /* HelpStoryboard.storyboard in Resources */,
				8A7451BC2070647C00E51529 /* breathe.gif in Resources */,
				8A82FD9720702AA700852316 /* HomeScreenStoryboard.storyboard in Resources */,
				EDB00D21207029AA0044EDB1 /* LaunchScreen.storyboard in Resources */,
				EDB00D1E207029AA0044EDB1 /* Assets.xcassets in Resources */,
				8A7451B420705C0D00E51529 /* NotesToSelfStoryboard.storyboard in Resources */,
				ED4071AB2070609D001520BD /* TimeCapsuleStoryboard.storyboard in Resources */,
				8A6C28C22070CC8200E54ED5 /* PersonalInspirationStoryboard.storyboard in Resources */,
				8A6C28C02070CC7100E54ED5 /* CommunityStoryboard.storyboard in Resources */,
				8A82FD9920702ABA00852316 /* ProgressStoryboard.storyboard in Resources */,
				8A82FD9D20702ADC00852316 /* BreatheStoryboard.storyboard in Resources */,
				8A7451BE2070AA3700E51529 /* AchievementStoryboard.storyboard in Resources */,
				ED7FA63E20704F9900B6A8F2 /* CalendarStoryboard.storyboard in Resources */,
			);
			runOnlyForDeploymentPostprocessing = 0;
		};
/* End PBXResourcesBuildPhase section */

/* Begin PBXShellScriptBuildPhase section */
		1ADB28DB6B622E4335B00725 /* [CP] Embed Pods Frameworks */ = {
			isa = PBXShellScriptBuildPhase;
			buildActionMask = 2147483647;
			files = (
			);
			inputPaths = (
				"${SRCROOT}/Pods/Target Support Files/Pods-Nope-ioids/Pods-Nope-ioids-frameworks.sh",
				"${BUILT_PRODUCTS_DIR}/FSCalendar/FSCalendar.framework",
				"${BUILT_PRODUCTS_DIR}/SwiftChart/SwiftChart.framework",
			);
			name = "[CP] Embed Pods Frameworks";
			outputPaths = (
				"${TARGET_BUILD_DIR}/${FRAMEWORKS_FOLDER_PATH}/FSCalendar.framework",
				"${TARGET_BUILD_DIR}/${FRAMEWORKS_FOLDER_PATH}/SwiftChart.framework",
			);
			runOnlyForDeploymentPostprocessing = 0;
			shellPath = /bin/sh;
			shellScript = "\"${SRCROOT}/Pods/Target Support Files/Pods-Nope-ioids/Pods-Nope-ioids-frameworks.sh\"\n";
			showEnvVarsInLog = 0;
		};
		A1A1AFCA530EC0DD5695260C /* [CP] Check Pods Manifest.lock */ = {
			isa = PBXShellScriptBuildPhase;
			buildActionMask = 2147483647;
			files = (
			);
			inputPaths = (
				"${PODS_PODFILE_DIR_PATH}/Podfile.lock",
				"${PODS_ROOT}/Manifest.lock",
			);
			name = "[CP] Check Pods Manifest.lock";
			outputPaths = (
				"$(DERIVED_FILE_DIR)/Pods-Nope-ioids-checkManifestLockResult.txt",
			);
			runOnlyForDeploymentPostprocessing = 0;
			shellPath = /bin/sh;
			shellScript = "diff \"${PODS_PODFILE_DIR_PATH}/Podfile.lock\" \"${PODS_ROOT}/Manifest.lock\" > /dev/null\nif [ $? != 0 ] ; then\n    # print error to STDERR\n    echo \"error: The sandbox is not in sync with the Podfile.lock. Run 'pod install' or update your CocoaPods installation.\" >&2\n    exit 1\nfi\n# This output is used by Xcode 'outputs' to avoid re-running this script phase.\necho \"SUCCESS\" > \"${SCRIPT_OUTPUT_FILE_0}\"\n";
			showEnvVarsInLog = 0;
		};
		FD7F8CE1EC6548BD0473D784 /* [CP] Copy Pods Resources */ = {
			isa = PBXShellScriptBuildPhase;
			buildActionMask = 2147483647;
			files = (
			);
			inputPaths = (
			);
			name = "[CP] Copy Pods Resources";
			outputPaths = (
			);
			runOnlyForDeploymentPostprocessing = 0;
			shellPath = /bin/sh;
			shellScript = "\"${SRCROOT}/Pods/Target Support Files/Pods-Nope-ioids/Pods-Nope-ioids-resources.sh\"\n";
			showEnvVarsInLog = 0;
		};
/* End PBXShellScriptBuildPhase section */

/* Begin PBXSourcesBuildPhase section */
		EDB00D0F207029AA0044EDB1 /* Sources */ = {
			isa = PBXSourcesBuildPhase;
			buildActionMask = 2147483647;
			files = (
				ED4071B320707447001520BD /* TimeCapsuleEntryViewController.swift in Sources */,
				ED4071B120706C21001520BD /* TimeCapsuleEntriesViewController.swift in Sources */,
				8AD655DB207038FD009FA94D /* GifLoad.swift in Sources */,
				ED4071AD207065E2001520BD /* TimeCapsuleEntriesModel.swift in Sources */,
				8A82FD9520702A8400852316 /* BreatheViewController.swift in Sources */,
				8A6C28C42070CC9E00E54ED5 /* PersonalInspirationViewController.swift in Sources */,
				ED4071AF20706648001520BD /* TimeCapsuleEntry.swift in Sources */,
				8A7451B620705C4600E51529 /* NotesSelfViewController.swift in Sources */,
				8A82FD9120702A5D00852316 /* ProgressViewController.swift in Sources */,
				EDB00D17207029AA0044EDB1 /* AppDelegate.swift in Sources */,
				ED4071A920706061001520BD /* TimeCapsuleViewController.swift in Sources */,
				8A82FD8F20702A3E00852316 /* HomeScreenViewController.swift in Sources */,
				8A6C28C62070CCAE00E54ED5 /* CommunityViewController.swift in Sources */,
				8A7451B820705DDB00E51529 /* NotesListTableViewCell.swift in Sources */,
				ED7FA63C20704F8800B6A8F2 /* CalendarViewController.swift in Sources */,
				8A82FD9320702A7500852316 /* HelpViewController.swift in Sources */,
				8A7451C02070AA5400E51529 /* AchievementViewController.swift in Sources */,
			);
			runOnlyForDeploymentPostprocessing = 0;
		};
/* End PBXSourcesBuildPhase section */

/* Begin PBXVariantGroup section */
		EDB00D1F207029AA0044EDB1 /* LaunchScreen.storyboard */ = {
			isa = PBXVariantGroup;
			children = (
				EDB00D20207029AA0044EDB1 /* Base */,
			);
			name = LaunchScreen.storyboard;
			sourceTree = "<group>";
		};
/* End PBXVariantGroup section */

/* Begin XCBuildConfiguration section */
		EDB00D23207029AA0044EDB1 /* Debug */ = {
			isa = XCBuildConfiguration;
			buildSettings = {
				ALWAYS_SEARCH_USER_PATHS = NO;
				CLANG_ANALYZER_NONNULL = YES;
				CLANG_ANALYZER_NUMBER_OBJECT_CONVERSION = YES_AGGRESSIVE;
				CLANG_CXX_LANGUAGE_STANDARD = "gnu++14";
				CLANG_CXX_LIBRARY = "libc++";
				CLANG_ENABLE_MODULES = YES;
				CLANG_ENABLE_OBJC_ARC = YES;
				CLANG_WARN_BLOCK_CAPTURE_AUTORELEASING = YES;
				CLANG_WARN_BOOL_CONVERSION = YES;
				CLANG_WARN_COMMA = YES;
				CLANG_WARN_CONSTANT_CONVERSION = YES;
				CLANG_WARN_DIRECT_OBJC_ISA_USAGE = YES_ERROR;
				CLANG_WARN_DOCUMENTATION_COMMENTS = YES;
				CLANG_WARN_EMPTY_BODY = YES;
				CLANG_WARN_ENUM_CONVERSION = YES;
				CLANG_WARN_INFINITE_RECURSION = YES;
				CLANG_WARN_INT_CONVERSION = YES;
				CLANG_WARN_NON_LITERAL_NULL_CONVERSION = YES;
				CLANG_WARN_OBJC_LITERAL_CONVERSION = YES;
				CLANG_WARN_OBJC_ROOT_CLASS = YES_ERROR;
				CLANG_WARN_RANGE_LOOP_ANALYSIS = YES;
				CLANG_WARN_STRICT_PROTOTYPES = YES;
				CLANG_WARN_SUSPICIOUS_MOVE = YES;
				CLANG_WARN_UNGUARDED_AVAILABILITY = YES_AGGRESSIVE;
				CLANG_WARN_UNREACHABLE_CODE = YES;
				CLANG_WARN__DUPLICATE_METHOD_MATCH = YES;
				CODE_SIGN_IDENTITY = "iPhone Developer";
				COPY_PHASE_STRIP = NO;
				DEBUG_INFORMATION_FORMAT = dwarf;
				ENABLE_STRICT_OBJC_MSGSEND = YES;
				ENABLE_TESTABILITY = YES;
				GCC_C_LANGUAGE_STANDARD = gnu11;
				GCC_DYNAMIC_NO_PIC = NO;
				GCC_NO_COMMON_BLOCKS = YES;
				GCC_OPTIMIZATION_LEVEL = 0;
				GCC_PREPROCESSOR_DEFINITIONS = (
					"DEBUG=1",
					"$(inherited)",
				);
				GCC_WARN_64_TO_32_BIT_CONVERSION = YES;
				GCC_WARN_ABOUT_RETURN_TYPE = YES_ERROR;
				GCC_WARN_UNDECLARED_SELECTOR = YES;
				GCC_WARN_UNINITIALIZED_AUTOS = YES_AGGRESSIVE;
				GCC_WARN_UNUSED_FUNCTION = YES;
				GCC_WARN_UNUSED_VARIABLE = YES;
				IPHONEOS_DEPLOYMENT_TARGET = 10.3;
				MTL_ENABLE_DEBUG_INFO = YES;
				ONLY_ACTIVE_ARCH = YES;
				SDKROOT = iphoneos;
				SWIFT_ACTIVE_COMPILATION_CONDITIONS = DEBUG;
				SWIFT_OPTIMIZATION_LEVEL = "-Onone";
			};
			name = Debug;
		};
		EDB00D24207029AA0044EDB1 /* Release */ = {
			isa = XCBuildConfiguration;
			buildSettings = {
				ALWAYS_SEARCH_USER_PATHS = NO;
				CLANG_ANALYZER_NONNULL = YES;
				CLANG_ANALYZER_NUMBER_OBJECT_CONVERSION = YES_AGGRESSIVE;
				CLANG_CXX_LANGUAGE_STANDARD = "gnu++14";
				CLANG_CXX_LIBRARY = "libc++";
				CLANG_ENABLE_MODULES = YES;
				CLANG_ENABLE_OBJC_ARC = YES;
				CLANG_WARN_BLOCK_CAPTURE_AUTORELEASING = YES;
				CLANG_WARN_BOOL_CONVERSION = YES;
				CLANG_WARN_COMMA = YES;
				CLANG_WARN_CONSTANT_CONVERSION = YES;
				CLANG_WARN_DIRECT_OBJC_ISA_USAGE = YES_ERROR;
				CLANG_WARN_DOCUMENTATION_COMMENTS = YES;
				CLANG_WARN_EMPTY_BODY = YES;
				CLANG_WARN_ENUM_CONVERSION = YES;
				CLANG_WARN_INFINITE_RECURSION = YES;
				CLANG_WARN_INT_CONVERSION = YES;
				CLANG_WARN_NON_LITERAL_NULL_CONVERSION = YES;
				CLANG_WARN_OBJC_LITERAL_CONVERSION = YES;
				CLANG_WARN_OBJC_ROOT_CLASS = YES_ERROR;
				CLANG_WARN_RANGE_LOOP_ANALYSIS = YES;
				CLANG_WARN_STRICT_PROTOTYPES = YES;
				CLANG_WARN_SUSPICIOUS_MOVE = YES;
				CLANG_WARN_UNGUARDED_AVAILABILITY = YES_AGGRESSIVE;
				CLANG_WARN_UNREACHABLE_CODE = YES;
				CLANG_WARN__DUPLICATE_METHOD_MATCH = YES;
				CODE_SIGN_IDENTITY = "iPhone Developer";
				COPY_PHASE_STRIP = NO;
				DEBUG_INFORMATION_FORMAT = "dwarf-with-dsym";
				ENABLE_NS_ASSERTIONS = NO;
				ENABLE_STRICT_OBJC_MSGSEND = YES;
				GCC_C_LANGUAGE_STANDARD = gnu11;
				GCC_NO_COMMON_BLOCKS = YES;
				GCC_WARN_64_TO_32_BIT_CONVERSION = YES;
				GCC_WARN_ABOUT_RETURN_TYPE = YES_ERROR;
				GCC_WARN_UNDECLARED_SELECTOR = YES;
				GCC_WARN_UNINITIALIZED_AUTOS = YES_AGGRESSIVE;
				GCC_WARN_UNUSED_FUNCTION = YES;
				GCC_WARN_UNUSED_VARIABLE = YES;
				IPHONEOS_DEPLOYMENT_TARGET = 10.3;
				MTL_ENABLE_DEBUG_INFO = NO;
				SDKROOT = iphoneos;
				SWIFT_OPTIMIZATION_LEVEL = "-Owholemodule";
				VALIDATE_PRODUCT = YES;
			};
			name = Release;
		};
		EDB00D26207029AA0044EDB1 /* Debug */ = {
			isa = XCBuildConfiguration;
			baseConfigurationReference = E7D599D30D081C14A035500E /* Pods-Nope-ioids.debug.xcconfig */;
			buildSettings = {
				ASSETCATALOG_COMPILER_APPICON_NAME = AppIcon;
				CODE_SIGN_STYLE = Automatic;
				DEVELOPMENT_TEAM = W56W37KQ33;
				INFOPLIST_FILE = "Nope-ioids/Info.plist";
				LD_RUNPATH_SEARCH_PATHS = "$(inherited) @executable_path/Frameworks";
				PRODUCT_BUNDLE_IDENTIFIER = "Klampotang.Nope-ioids111";
				PRODUCT_NAME = "$(TARGET_NAME)";
				SWIFT_VERSION = 4.0;
				TARGETED_DEVICE_FAMILY = "1,2";
			};
			name = Debug;
		};
		EDB00D27207029AA0044EDB1 /* Release */ = {
			isa = XCBuildConfiguration;
			baseConfigurationReference = C7EC8409BCD1556900FEB0B3 /* Pods-Nope-ioids.release.xcconfig */;
			buildSettings = {
				ASSETCATALOG_COMPILER_APPICON_NAME = AppIcon;
				CODE_SIGN_STYLE = Automatic;
				DEVELOPMENT_TEAM = W56W37KQ33;
				INFOPLIST_FILE = "Nope-ioids/Info.plist";
				LD_RUNPATH_SEARCH_PATHS = "$(inherited) @executable_path/Frameworks";
				PRODUCT_BUNDLE_IDENTIFIER = "Klampotang.Nope-ioids111";
				PRODUCT_NAME = "$(TARGET_NAME)";
				SWIFT_VERSION = 4.0;
				TARGETED_DEVICE_FAMILY = "1,2";
			};
			name = Release;
		};
/* End XCBuildConfiguration section */

/* Begin XCConfigurationList section */
		EDB00D0E207029AA0044EDB1 /* Build configuration list for PBXProject "Nope-ioids" */ = {
			isa = XCConfigurationList;
			buildConfigurations = (
				EDB00D23207029AA0044EDB1 /* Debug */,
				EDB00D24207029AA0044EDB1 /* Release */,
			);
			defaultConfigurationIsVisible = 0;
			defaultConfigurationName = Release;
		};
		EDB00D25207029AA0044EDB1 /* Build configuration list for PBXNativeTarget "Nope-ioids" */ = {
			isa = XCConfigurationList;
			buildConfigurations = (
				EDB00D26207029AA0044EDB1 /* Debug */,
				EDB00D27207029AA0044EDB1 /* Release */,
			);
			defaultConfigurationIsVisible = 0;
			defaultConfigurationName = Release;
		};
/* End XCConfigurationList section */
	};
	rootObject = EDB00D0B207029AA0044EDB1 /* Project object */;
}
